
Microsoft Visual Studio Solution File, Format Version 12.00
# Visual Studio Version 16
VisualStudioVersion = 16.0.31229.75
MinimumVisualStudioVersion = 10.0.40219.1
Project("{FAE04EC0-301F-11D3-BF4B-00C04F79EFBC}") = "FirstApp", "FirstApp.csproj", "{56C1F655-2992-47FE-BADE-72630904405B}"
EndProject
Global
	GlobalSection(SolutionConfigurationPlatforms) = preSolution
		Debug|Any CPU = Debug|Any CPU
		Release|Any CPU = Release|Any CPU
	EndGlobalSection
	GlobalSection(ProjectConfigurationPlatforms) = postSolution
		{56C1F655-2992-47FE-BADE-72630904405B}.Debug|Any CPU.ActiveCfg = Debug|Any CPU
		{56C1F655-2992-47FE-BADE-72630904405B}.Debug|Any CPU.Build.0 = Debug|Any CPU
		{56C1F655-2992-47FE-BADE-72630904405B}.Release|Any CPU.ActiveCfg = Release|Any CPU
		{56C1F655-2992-47FE-BADE-72630904405B}.Release|Any CPU.Build.0 = Release|Any CPU
	EndGlobalSection
	GlobalSection(SolutionProperties) = preSolution
		HideSolutionNode = FALSE
	EndGlobalSection
	GlobalSection(ExtensibilityGlobals) = postSolution
		SolutionGuid = {DBB2151E-C544-497F-A1BF-B6C7E7BD1B3A}
	EndGlobalSection
EndGlobal
